{
  "name": "calculator",
  "version": "1.0.0",
  "lockfileVersion": 3,
  "requires": true,
  "packages": {
    "": {
      "name": "calculator",
      "version": "1.0.0",
      "license": "ISC",
      "dependencies": {
        "odoo": "^0.4.0",
        "typescript": "^5.0.4"
      },
      "devDependencies": {
        "@types/node": "^18.15.12"
      }
    },
    "node_modules/@types/node": {
      "version": "18.15.12",
      "resolved": "https://registry.npmjs.org/@types/node/-/node-18.15.12.tgz",
      "integrity": "sha512-Wha1UwsB3CYdqUm2PPzh/1gujGCNtWVUYF0mB00fJFoR4gTyWTDPjSm+zBF787Ahw8vSGgBja90MkgFwvB86Dg==",
      "dev": true
    },
    "node_modules/commander": {
      "version": "1.3.2",
      "resolved": "https://registry.npmjs.org/commander/-/commander-1.3.2.tgz",
      "integrity": "sha512-uoVVA5dchmxZeTMv2Qsd0vhn/RebJYsWo4all1qtrUL3BBhQFn4AQDF4PL+ZvOeK7gczXKEZaSCyMDMwFBlpBg==",
      "dependencies": {
        "keypress": "0.1.x"
      },
      "engines": {
        "node": ">= 0.6.x"
      }
    },
    "node_modules/eyes": {
      "version": "0.1.8",
      "resolved": "https://registry.npmjs.org/eyes/-/eyes-0.1.8.tgz",
      "integrity": "sha512-GipyPsXO1anza0AOZdy69Im7hGFCNB7Y/NGjDlZGJ3GJJLtwNSb2vrzYrTYJRrRloVx7pl+bhUaTB8yiccPvFQ==",
      "engines": {
        "node": "> 0.1.90"
      }
    },
    "node_modules/jayson": {
      "version": "1.2.2",
      "resolved": "https://registry.npmjs.org/jayson/-/jayson-1.2.2.tgz",
      "integrity": "sha512-cssR4oyVKJma1/2nkc1+unh7z8qW0VVcGk1XKcekofmFxt5GXSGEFovd3IUBv1zGbjEolSFKNWgnQTZpa7DF/Q==",
      "dependencies": {
        "commander": "1.3.2",
        "eyes": "0.1.8",
        "JSONStream": "1.0.3",
        "lodash": "3.6.0"
      },
      "bin": {
        "jayson": "bin/jayson.js"
      },
      "engines": {
        "node": ">= 0.4.0"
      }
    },
    "node_modules/jayson/node_modules/lodash": {
      "version": "3.6.0",
      "resolved": "https://registry.npmjs.org/lodash/-/lodash-3.6.0.tgz",
      "integrity": "sha512-fysFKsJtaOtRGZT/b3Xx03iyEmO0zjU+d1HBH5NcEaUjtg7XO0wDY5I7IJFfr2rguJt0Rve2V32426Za3zYyRw=="
    },
    "node_modules/jsonparse": {
      "version": "1.0.0",
      "resolved": "https://registry.npmjs.org/jsonparse/-/jsonparse-1.0.0.tgz",
      "integrity": "sha512-X8/pl4Q98FceotM1YzNYRcdRpYKgKB6nOKW9oNZk4qssFGfSxA6tUyPgEYsZA+MAQ8nR6nBZwE2GKpeeOIeN3A==",
      "engines": [
        "node >= 0.2.0"
      ]
    },
    "node_modules/JSONStream": {
      "version": "1.0.3",
      "resolved": "https://registry.npmjs.org/JSONStream/-/JSONStream-1.0.3.tgz",
      "integrity": "sha512-yamuyZ8A+3s9DcpMz9b4t9BTUf203fuWbor4xCuXgDTYr1r8I74mrND6iurOiKbEn5AmNBoW7ga+Jvf2vSsAvw==",
      "dependencies": {
        "jsonparse": "~1.0.0",
        "through": ">=2.2.7 <3"
      },
      "bin": {
        "JSONStream": "index.js"
      },
      "engines": {
        "node": "*"
      }
    },
    "node_modules/keypress": {
      "version": "0.1.0",
      "resolved": "https://registry.npmjs.org/keypress/-/keypress-0.1.0.tgz",
      "integrity": "sha512-x0yf9PL/nx9Nw9oLL8ZVErFAk85/lslwEP7Vz7s5SI1ODXZIgit3C5qyWjw4DxOuO/3Hb4866SQh28a1V1d+WA=="
    },
    "node_modules/lodash": {
      "version": "3.10.1",
      "resolved": "https://registry.npmjs.org/lodash/-/lodash-3.10.1.tgz",
      "integrity": "sha512-9mDDwqVIma6OZX79ZlDACZl8sBm0TEnkf99zV3iMA4GzkIT/9hiqP5mY0HoT1iNLCrKc/R1HByV+yJfRWVJryQ=="
    },
    "node_modules/odoo": {
      "version": "0.4.0",
      "resolved": "https://registry.npmjs.org/odoo/-/odoo-0.4.0.tgz",
      "integrity": "sha512-luo3PiOFyMjRjgbA5TThlflLqlhME3NNsJ+1FV4ODAuqTl5Yl0bBk3p2Q6SUTSdNJVljiqeGInQbTLljQhxuEw==",
      "dependencies": {
        "jayson": "^1.2.1",
        "lodash": "^3.10.1"
      },
      "engines": {
        "node": ">=0.11.16"
      }
    },
    "node_modules/through": {
      "version": "2.3.8",
      "resolved": "https://registry.npmjs.org/through/-/through-2.3.8.tgz",
      "integrity": "sha512-w89qg7PI8wAdvX60bMDP+bFoD5Dvhm9oLheFp5O4a2QF0cSBGsBX4qZmadPMvVqlLJBBci+WqGGOAPvcDeNSVg=="
    },
    "node_modules/typescript": {
      "version": "5.0.4",
      "resolved": "https://registry.npmjs.org/typescript/-/typescript-5.0.4.tgz",
      "integrity": "sha512-cW9T5W9xY37cc+jfEnaUvX91foxtHkza3Nw3wkoF4sSlKn0MONdkdEndig/qPBWXNkmplh3NzayQzCiHM4/hqw==",
      "bin": {
        "tsc": "bin/tsc",
        "tsserver": "bin/tsserver"
      },
      "engines": {
        "node": ">=12.20"
      }
    }
  }
}
